// !$*UTF8*$!
{
	archiveVersion = 1;
	classes = {
	};
	objectVersion = 46;
	objects = {

/* Begin PBXBuildFile section */
		5E7AFB4D1DC7F8C600B16C24 /* AlbumsTableViewController.swift in Sources */ = {isa = PBXBuildFile; fileRef = 5E7AFB4C1DC7F8C600B16C24 /* AlbumsTableViewController.swift */; };
		5ED6542A1DCA7BC300AE932B /* SharedAlbums.swift in Sources */ = {isa = PBXBuildFile; fileRef = 5ED654291DCA7BC300AE932B /* SharedAlbums.swift */; };
		AC009C421DB89B1F00F1163D /* albums.plist in Resources */ = {isa = PBXBuildFile; fileRef = AC009C411DB89B1F00F1163D /* albums.plist */; };
		ACF84D821DAF5F5C0045352B /* AppDelegate.swift in Sources */ = {isa = PBXBuildFile; fileRef = ACF84D811DAF5F5C0045352B /* AppDelegate.swift */; };
		ACF84D841DAF5F5C0045352B /* ViewController.swift in Sources */ = {isa = PBXBuildFile; fileRef = ACF84D831DAF5F5C0045352B /* ViewController.swift */; };
		ACF84D871DAF5F5C0045352B /* Main.storyboard in Resources */ = {isa = PBXBuildFile; fileRef = ACF84D851DAF5F5C0045352B /* Main.storyboard */; };
		ACF84D891DAF5F5C0045352B /* Assets.xcassets in Resources */ = {isa = PBXBuildFile; fileRef = ACF84D881DAF5F5C0045352B /* Assets.xcassets */; };
		ACF84D8C1DAF5F5C0045352B /* LaunchScreen.storyboard in Resources */ = {isa = PBXBuildFile; fileRef = ACF84D8A1DAF5F5C0045352B /* LaunchScreen.storyboard */; };
		ACF84D971DAF5F5C0045352B /* PrzegladarkaTests.swift in Sources */ = {isa = PBXBuildFile; fileRef = ACF84D961DAF5F5C0045352B /* PrzegladarkaTests.swift */; };
		ACF84DA21DAF5F5C0045352B /* PrzegladarkaUITests.swift in Sources */ = {isa = PBXBuildFile; fileRef = ACF84DA11DAF5F5C0045352B /* PrzegladarkaUITests.swift */; };
/* End PBXBuildFile section */

/* Begin PBXContainerItemProxy section */
		ACF84D931DAF5F5C0045352B /* PBXContainerItemProxy */ = {
			isa = PBXContainerItemProxy;
			containerPortal = ACF84D761DAF5F5C0045352B /* Project object */;
			proxyType = 1;
			remoteGlobalIDString = ACF84D7D1DAF5F5C0045352B;
			remoteInfo = Przegladarka;
		};
		ACF84D9E1DAF5F5C0045352B /* PBXContainerItemProxy */ = {
			isa = PBXContainerItemProxy;
			containerPortal = ACF84D761DAF5F5C0045352B /* Project object */;
			proxyType = 1;
			remoteGlobalIDString = ACF84D7D1DAF5F5C0045352B;
			remoteInfo = Przegladarka;
		};
/* End PBXContainerItemProxy section */

/* Begin PBXFileReference section */
		5E7AFB4C1DC7F8C600B16C24 /* AlbumsTableViewController.swift */ = {isa = PBXFileReference; fileEncoding = 4; lastKnownFileType = sourcecode.swift; path = AlbumsTableViewController.swift; sourceTree = "<group>"; };
		5ED654291DCA7BC300AE932B /* SharedAlbums.swift */ = {isa = PBXFileReference; fileEncoding = 4; lastKnownFileType = sourcecode.swift; path = SharedAlbums.swift; sourceTree = "<group>"; };
		AC009C411DB89B1F00F1163D /* albums.plist */ = {isa = PBXFileReference; fileEncoding = 4; lastKnownFileType = text.plist.xml; path = albums.plist; sourceTree = "<group>"; };
		ACF84D7E1DAF5F5C0045352B /* Przegladarka.app */ = {isa = PBXFileReference; explicitFileType = wrapper.application; includeInIndex = 0; path = Przegladarka.app; sourceTree = BUILT_PRODUCTS_DIR; };
		ACF84D811DAF5F5C0045352B /* AppDelegate.swift */ = {isa = PBXFileReference; lastKnownFileType = sourcecode.swift; path = AppDelegate.swift; sourceTree = "<group>"; };
		ACF84D831DAF5F5C0045352B /* ViewController.swift */ = {isa = PBXFileReference; lastKnownFileType = sourcecode.swift; path = ViewController.swift; sourceTree = "<group>"; };
		ACF84D861DAF5F5C0045352B /* Base */ = {isa = PBXFileReference; lastKnownFileType = file.storyboard; name = Base; path = Base.lproj/Main.storyboard; sourceTree = "<group>"; };
		ACF84D881DAF5F5C0045352B /* Assets.xcassets */ = {isa = PBXFileReference; lastKnownFileType = folder.assetcatalog; path = Assets.xcassets; sourceTree = "<group>"; };
		ACF84D8B1DAF5F5C0045352B /* Base */ = {isa = PBXFileReference; lastKnownFileType = file.storyboard; name = Base; path = Base.lproj/LaunchScreen.storyboard; sourceTree = "<group>"; };
		ACF84D8D1DAF5F5C0045352B /* Info.plist */ = {isa = PBXFileReference; lastKnownFileType = text.plist.xml; path = Info.plist; sourceTree = "<group>"; };
		ACF84D921DAF5F5C0045352B /* PrzegladarkaTests.xctest */ = {isa = PBXFileReference; explicitFileType = wrapper.cfbundle; includeInIndex = 0; path = PrzegladarkaTests.xctest; sourceTree = BUILT_PRODUCTS_DIR; };
		ACF84D961DAF5F5C0045352B /* PrzegladarkaTests.swift */ = {isa = PBXFileReference; lastKnownFileType = sourcecode.swift; path = PrzegladarkaTests.swift; sourceTree = "<group>"; };
		ACF84D981DAF5F5C0045352B /* Info.plist */ = {isa = PBXFileReference; lastKnownFileType = text.plist.xml; path = Info.plist; sourceTree = "<group>"; };
		ACF84D9D1DAF5F5C0045352B /* PrzegladarkaUITests.xctest */ = {isa = PBXFileReference; explicitFileType = wrapper.cfbundle; includeInIndex = 0; path = PrzegladarkaUITests.xctest; sourceTree = BUILT_PRODUCTS_DIR; };
		ACF84DA11DAF5F5C0045352B /* PrzegladarkaUITests.swift */ = {isa = PBXFileReference; lastKnownFileType = sourcecode.swift; path = PrzegladarkaUITests.swift; sourceTree = "<group>"; };
		ACF84DA31DAF5F5C0045352B /* Info.plist */ = {isa = PBXFileReference; lastKnownFileType = text.plist.xml; path = Info.plist; sourceTree = "<group>"; };
/* End PBXFileReference section */

/* Begin PBXFrameworksBuildPhase section */
		ACF84D7B1DAF5F5C0045352B /* Frameworks */ = {
			isa = PBXFrameworksBuildPhase;
			buildActionMask = 2147483647;
			files = (
			);
			runOnlyForDeploymentPostprocessing = 0;
		};
		ACF84D8F1DAF5F5C0045352B /* Frameworks */ = {
			isa = PBXFrameworksBuildPhase;
			buildActionMask = 2147483647;
			files = (
			);
			runOnlyForDeploymentPostprocessing = 0;
		};
		ACF84D9A1DAF5F5C0045352B /* Frameworks */ = {
			isa = PBXFrameworksBuildPhase;
			buildActionMask = 2147483647;
			files = (
			);
			runOnlyForDeploymentPostprocessing = 0;
		};
/* End PBXFrameworksBuildPhase section */

/* Begin PBXGroup section */
		ACF84D751DAF5F5C0045352B = {
			isa = PBXGroup;
			children = (
				ACF84D801DAF5F5C0045352B /* Przegladarka */,
				ACF84D951DAF5F5C0045352B /* PrzegladarkaTests */,
				ACF84DA01DAF5F5C0045352B /* PrzegladarkaUITests */,
				ACF84D7F1DAF5F5C0045352B /* Products */,
			);
			sourceTree = "<group>";
		};
		ACF84D7F1DAF5F5C0045352B /* Products */ = {
			isa = PBXGroup;
			children = (
				ACF84D7E1DAF5F5C0045352B /* Przegladarka.app */,
				ACF84D921DAF5F5C0045352B /* PrzegladarkaTests.xctest */,
				ACF84D9D1DAF5F5C0045352B /* PrzegladarkaUITests.xctest */,
			);
			name = Products;
			sourceTree = "<group>";
		};
		ACF84D801DAF5F5C0045352B /* Przegladarka */ = {
			isa = PBXGroup;
			children = (
				ACF84D811DAF5F5C0045352B /* AppDelegate.swift */,
				ACF84D831DAF5F5C0045352B /* ViewController.swift */,
				ACF84D851DAF5F5C0045352B /* Main.storyboard */,
				ACF84D881DAF5F5C0045352B /* Assets.xcassets */,
				ACF84D8A1DAF5F5C0045352B /* LaunchScreen.storyboard */,
				ACF84D8D1DAF5F5C0045352B /* Info.plist */,
				AC009C411DB89B1F00F1163D /* albums.plist */,
				5E7AFB4C1DC7F8C600B16C24 /* AlbumsTableViewController.swift */,
				5ED654291DCA7BC300AE932B /* SharedAlbums.swift */,
			);
			path = Przegladarka;
			sourceTree = "<group>";
		};
		ACF84D951DAF5F5C0045352B /* PrzegladarkaTests */ = {
			isa = PBXGroup;
			children = (
				ACF84D961DAF5F5C0045352B /* PrzegladarkaTests.swift */,
				ACF84D981DAF5F5C0045352B /* Info.plist */,
			);
			path = PrzegladarkaTests;
			sourceTree = "<group>";
		};
		ACF84DA01DAF5F5C0045352B /* PrzegladarkaUITests */ = {
			isa = PBXGroup;
			children = (
				ACF84DA11DAF5F5C0045352B /* PrzegladarkaUITests.swift */,
				ACF84DA31DAF5F5C0045352B /* Info.plist */,
			);
			path = PrzegladarkaUITests;
			sourceTree = "<group>";
		};
/* End PBXGroup section */

/* Begin PBXNativeTarget section */
		ACF84D7D1DAF5F5C0045352B /* Przegladarka */ = {
			isa = PBXNativeTarget;
			buildConfigurationList = ACF84DA61DAF5F5C0045352B /* Build configuration list for PBXNativeTarget "Przegladarka" */;
			buildPhases = (
				ACF84D7A1DAF5F5C0045352B /* Sources */,
				ACF84D7B1DAF5F5C0045352B /* Frameworks */,
				ACF84D7C1DAF5F5C0045352B /* Resources */,
			);
			buildRules = (
			);
			dependencies = (
			);
			name = Przegladarka;
			productName = Przegladarka;
			productReference = ACF84D7E1DAF5F5C0045352B /* Przegladarka.app */;
			productType = "com.apple.product-type.application";
		};
		ACF84D911DAF5F5C0045352B /* PrzegladarkaTests */ = {
			isa = PBXNativeTarget;
			buildConfigurationList = ACF84DA91DAF5F5C0045352B /* Build configuration list for PBXNativeTarget "PrzegladarkaTests" */;
			buildPhases = (
				ACF84D8E1DAF5F5C0045352B /* Sources */,
				ACF84D8F1DAF5F5C0045352B /* Frameworks */,
				ACF84D901DAF5F5C0045352B /* Resources */,
			);
			buildRules = (
			);
			dependencies = (
				ACF84D941DAF5F5C0045352B /* PBXTargetDependency */,
			);
			name = PrzegladarkaTests;
			productName = PrzegladarkaTests;
			productReference = ACF84D921DAF5F5C0045352B /* PrzegladarkaTests.xctest */;
			productType = "com.apple.product-type.bundle.unit-test";
		};
		ACF84D9C1DAF5F5C0045352B /* PrzegladarkaUITests */ = {
			isa = PBXNativeTarget;
			buildConfigurationList = ACF84DAC1DAF5F5C0045352B /* Build configuration list for PBXNativeTarget "PrzegladarkaUITests" */;
			buildPhases = (
				ACF84D991DAF5F5C0045352B /* Sources */,
				ACF84D9A1DAF5F5C0045352B /* Frameworks */,
				ACF84D9B1DAF5F5C0045352B /* Resources */,
			);
			buildRules = (
			);
			dependencies = (
				ACF84D9F1DAF5F5C0045352B /* PBXTargetDependency */,
			);
			name = PrzegladarkaUITests;
			productName = PrzegladarkaUITests;
			productReference = ACF84D9D1DAF5F5C0045352B /* PrzegladarkaUITests.xctest */;
			productType = "com.apple.product-type.bundle.ui-testing";
		};
/* End PBXNativeTarget section */

/* Begin PBXProject section */
		ACF84D761DAF5F5C0045352B /* Project object */ = {
			isa = PBXProject;
			attributes = {
				LastUpgradeCheck = 0800;
				ORGANIZATIONNAME = "Użytkownik Gość";
				TargetAttributes = {
					ACF84D7D1DAF5F5C0045352B = {
						CreatedOnToolsVersion = 7.0.1;
						LastSwiftMigration = 0800;
					};
					ACF84D911DAF5F5C0045352B = {
						CreatedOnToolsVersion = 7.0.1;
						LastSwiftMigration = 0800;
						TestTargetID = ACF84D7D1DAF5F5C0045352B;
					};
					ACF84D9C1DAF5F5C0045352B = {
						CreatedOnToolsVersion = 7.0.1;
						LastSwiftMigration = 0800;
						TestTargetID = ACF84D7D1DAF5F5C0045352B;
					};
				};
			};
			buildConfigurationList = ACF84D791DAF5F5C0045352B /* Build configuration list for PBXProject "Przegladarka" */;
			compatibilityVersion = "Xcode 3.2";
			developmentRegion = English;
			hasScannedForEncodings = 0;
			knownRegions = (
				en,
				Base,
			);
			mainGroup = ACF84D751DAF5F5C0045352B;
			productRefGroup = ACF84D7F1DAF5F5C0045352B /* Products */;
			projectDirPath = "";
			projectRoot = "";
			targets = (
				ACF84D7D1DAF5F5C0045352B /* Przegladarka */,
				ACF84D911DAF5F5C0045352B /* PrzegladarkaTests */,
				ACF84D9C1DAF5F5C0045352B /* PrzegladarkaUITests */,
			);
		};
/* End PBXProject section */

/* Begin PBXResourcesBuildPhase section */
		ACF84D7C1DAF5F5C0045352B /* Resources */ = {
			isa = PBXResourcesBuildPhase;
			buildActionMask = 2147483647;
			files = (
				AC009C421DB89B1F00F1163D /* albums.plist in Resources */,
				ACF84D8C1DAF5F5C0045352B /* LaunchScreen.storyboard in Resources */,
				ACF84D891DAF5F5C0045352B /* Assets.xcassets in Resources */,
				ACF84D871DAF5F5C0045352B /* Main.storyboard in Resources */,
			);
			runOnlyForDeploymentPostprocessing = 0;
		};
		ACF84D901DAF5F5C0045352B /* Resources */ = {
			isa = PBXResourcesBuildPhase;
			buildActionMask = 2147483647;
			files = (
			);
			runOnlyForDeploymentPostprocessing = 0;
		};
		ACF84D9B1DAF5F5C0045352B /* Resources */ = {
			isa = PBXResourcesBuildPhase;
			buildActionMask = 2147483647;
			files = (
			);
			runOnlyForDeploymentPostprocessing = 0;
		};
/* End PBXResourcesBuildPhase section */

/* Begin PBXSourcesBuildPhase section */
		ACF84D7A1DAF5F5C0045352B /* Sources */ = {
			isa = PBXSourcesBuildPhase;
			buildActionMask = 2147483647;
			files = (
				5ED6542A1DCA7BC300AE932B /* SharedAlbums.swift in Sources */,
				ACF84D841DAF5F5C0045352B /* ViewController.swift in Sources */,
				5E7AFB4D1DC7F8C600B16C24 /* AlbumsTableViewController.swift in Sources */,
				ACF84D821DAF5F5C0045352B /* AppDelegate.swift in Sources */,
			);
			runOnlyForDeploymentPostprocessing = 0;
		};
		ACF84D8E1DAF5F5C0045352B /* Sources */ = {
			isa = PBXSourcesBuildPhase;
			buildActionMask = 2147483647;
			files = (
				ACF84D971DAF5F5C0045352B /* PrzegladarkaTests.swift in Sources */,
			);
			runOnlyForDeploymentPostprocessing = 0;
		};
		ACF84D991DAF5F5C0045352B /* Sources */ = {
			isa = PBXSourcesBuildPhase;
			buildActionMask = 2147483647;
			files = (
				ACF84DA21DAF5F5C0045352B /* PrzegladarkaUITests.swift in Sources */,
			);
			runOnlyForDeploymentPostprocessing = 0;
		};
/* End PBXSourcesBuildPhase section */

/* Begin PBXTargetDependency section */
		ACF84D941DAF5F5C0045352B /* PBXTargetDependency */ = {
			isa = PBXTargetDependency;
			target = ACF84D7D1DAF5F5C0045352B /* Przegladarka */;
			targetProxy = ACF84D931DAF5F5C0045352B /* PBXContainerItemProxy */;
		};
		ACF84D9F1DAF5F5C0045352B /* PBXTargetDependency */ = {
			isa = PBXTargetDependency;
			target = ACF84D7D1DAF5F5C0045352B /* Przegladarka */;
			targetProxy = ACF84D9E1DAF5F5C0045352B /* PBXContainerItemProxy */;
		};
/* End PBXTargetDependency section */

/* Begin PBXVariantGroup section */
		ACF84D851DAF5F5C0045352B /* Main.storyboard */ = {
			isa = PBXVariantGroup;
			children = (
				ACF84D861DAF5F5C0045352B /* Base */,
			);
			name = Main.storyboard;
			sourceTree = "<group>";
		};
		ACF84D8A1DAF5F5C0045352B /* LaunchScreen.storyboard */ = {
			isa = PBXVariantGroup;
			children = (
				ACF84D8B1DAF5F5C0045352B /* Base */,
			);
			name = LaunchScreen.storyboard;
			sourceTree = "<group>";
		};
/* End PBXVariantGroup section */

/* Begin XCBuildConfiguration section */
		ACF84DA41DAF5F5C0045352B /* Debug */ = {
			isa = XCBuildConfiguration;
			buildSettings = {
				ALWAYS_SEARCH_USER_PATHS = NO;
				CLANG_CXX_LANGUAGE_STANDARD = "gnu++0x";
				CLANG_CXX_LIBRARY = "libc++";
				CLANG_ENABLE_MODULES = YES;
				CLANG_ENABLE_OBJC_ARC = YES;
				CLANG_WARN_BOOL_CONVERSION = YES;
				CLANG_WARN_CONSTANT_CONVERSION = YES;
				CLANG_WARN_DIRECT_OBJC_ISA_USAGE = YES_ERROR;
				CLANG_WARN_EMPTY_BODY = YES;
				CLANG_WARN_ENUM_CONVERSION = YES;
				CLANG_WARN_INFINITE_RECURSION = YES;
				CLANG_WARN_INT_CONVERSION = YES;
				CLANG_WARN_OBJC_ROOT_CLASS = YES_ERROR;
				CLANG_WARN_SUSPICIOUS_MOVE = YES;
				CLANG_WARN_UNREACHABLE_CODE = YES;
				CLANG_WARN__DUPLICATE_METHOD_MATCH = YES;
				"CODE_SIGN_IDENTITY[sdk=iphoneos*]" = "iPhone Developer";
				COPY_PHASE_STRIP = NO;
				DEBUG_INFORMATION_FORMAT = dwarf;
				ENABLE_STRICT_OBJC_MSGSEND = YES;
				ENABLE_TESTABILITY = YES;
				GCC_C_LANGUAGE_STANDARD = gnu99;
				GCC_DYNAMIC_NO_PIC = NO;
				GCC_NO_COMMON_BLOCKS = YES;
				GCC_OPTIMIZATION_LEVEL = 0;
				GCC_PREPROCESSOR_DEFINITIONS = (
					"DEBUG=1",
					"$(inherited)",
				);
				GCC_WARN_64_TO_32_BIT_CONVERSION = YES;
				GCC_WARN_ABOUT_RETURN_TYPE = YES_ERROR;
				GCC_WARN_UNDECLARED_SELECTOR = YES;
				GCC_WARN_UNINITIALIZED_AUTOS = YES_AGGRESSIVE;
				GCC_WARN_UNUSED_FUNCTION = YES;
				GCC_WARN_UNUSED_VARIABLE = YES;
				IPHONEOS_DEPLOYMENT_TARGET = 9.0;
				MTL_ENABLE_DEBUG_INFO = YES;
				ONLY_ACTIVE_ARCH = YES;
				SDKROOT = iphoneos;
				SWIFT_OPTIMIZATION_LEVEL = "-Onone";
				TARGETED_DEVICE_FAMILY = "1,2";
			};
			name = Debug;
		};
		ACF84DA51DAF5F5C0045352B /* Release */ = {
			isa = XCBuildConfiguration;
			buildSettings = {
				ALWAYS_SEARCH_USER_PATHS = NO;
				CLANG_CXX_LANGUAGE_STANDARD = "gnu++0x";
				CLANG_CXX_LIBRARY = "libc++";
				CLANG_ENABLE_MODULES = YES;
				CLANG_ENABLE_OBJC_ARC = YES;
				CLANG_WARN_BOOL_CONVERSION = YES;
				CLANG_WARN_CONSTANT_CONVERSION = YES;
				CLANG_WARN_DIRECT_OBJC_ISA_USAGE = YES_ERROR;
				CLANG_WARN_EMPTY_BODY = YES;
				CLANG_WARN_ENUM_CONVERSION = YES;
				CLANG_WARN_INFINITE_RECURSION = YES;
				CLANG_WARN_INT_CONVERSION = YES;
				CLANG_WARN_OBJC_ROOT_CLASS = YES_ERROR;
				CLANG_WARN_SUSPICIOUS_MOVE = YES;
				CLANG_WARN_UNREACHABLE_CODE = YES;
				CLANG_WARN__DUPLICATE_METHOD_MATCH = YES;
				"CODE_SIGN_IDENTITY[sdk=iphoneos*]" = "iPhone Developer";
				COPY_PHASE_STRIP = NO;
				DEBUG_INFORMATION_FORMAT = "dwarf-with-dsym";
				ENABLE_NS_ASSERTIONS = NO;
				ENABLE_STRICT_OBJC_MSGSEND = YES;
				GCC_C_LANGUAGE_STANDARD = gnu99;
				GCC_NO_COMMON_BLOCKS = YES;
				GCC_WARN_64_TO_32_BIT_CONVERSION = YES;
				GCC_WARN_ABOUT_RETURN_TYPE = YES_ERROR;
				GCC_WARN_UNDECLARED_SELECTOR = YES;
				GCC_WARN_UNINITIALIZED_AUTOS = YES_AGGRESSIVE;
				GCC_WARN_UNUSED_FUNCTION = YES;
				GCC_WARN_UNUSED_VARIABLE = YES;
				IPHONEOS_DEPLOYMENT_TARGET = 9.0;
				MTL_ENABLE_DEBUG_INFO = NO;
				SDKROOT = iphoneos;
				SWIFT_OPTIMIZATION_LEVEL = "-Owholemodule";
				TARGETED_DEVICE_FAMILY = "1,2";
				VALIDATE_PRODUCT = YES;
			};
			name = Release;
		};
		ACF84DA71DAF5F5C0045352B /* Debug */ = {
			isa = XCBuildConfiguration;
			buildSettings = {
				ASSETCATALOG_COMPILER_APPICON_NAME = AppIcon;
				INFOPLIST_FILE = Przegladarka/Info.plist;
				LD_RUNPATH_SEARCH_PATHS = "$(inherited) @executable_path/Frameworks";
				PRODUCT_BUNDLE_IDENTIFIER = lab1.Przegladarka;
				PRODUCT_NAME = "$(TARGET_NAME)";
				SWIFT_VERSION = 2.3;
			};
			name = Debug;
		};
		ACF84DA81DAF5F5C0045352B /* Release */ = {
			isa = XCBuildConfiguration;
			buildSettings = {
				ASSETCATALOG_COMPILER_APPICON_NAME = AppIcon;
				INFOPLIST_FILE = Przegladarka/Info.plist;
				LD_RUNPATH_SEARCH_PATHS = "$(inherited) @executable_path/Frameworks";
				PRODUCT_BUNDLE_IDENTIFIER = lab1.Przegladarka;
				PRODUCT_NAME = "$(TARGET_NAME)";
				SWIFT_VERSION = 2.3;
			};
			name = Release;
		};
		ACF84DAA1DAF5F5C0045352B /* Debug */ = {
			isa = XCBuildConfiguration;
			buildSettings = {
				BUNDLE_LOADER = "$(TEST_HOST)";
				INFOPLIST_FILE = PrzegladarkaTests/Info.plist;
				LD_RUNPATH_SEARCH_PATHS = "$(inherited) @executable_path/Frameworks @loader_path/Frameworks";
				PRODUCT_BUNDLE_IDENTIFIER = lab1.PrzegladarkaTests;
				PRODUCT_NAME = "$(TARGET_NAME)";
				SWIFT_VERSION = 2.3;
				TEST_HOST = "$(BUILT_PRODUCTS_DIR)/Przegladarka.app/Przegladarka";
			};
			name = Debug;
		};
		ACF84DAB1DAF5F5C0045352B /* Release */ = {
			isa = XCBuildConfiguration;
			buildSettings = {
				BUNDLE_LOADER = "$(TEST_HOST)";
				INFOPLIST_FILE = PrzegladarkaTests/Info.plist;
				LD_RUNPATH_SEARCH_PATHS = "$(inherited) @executable_path/Frameworks @loader_path/Frameworks";
				PRODUCT_BUNDLE_IDENTIFIER = lab1.PrzegladarkaTests;
				PRODUCT_NAME = "$(TARGET_NAME)";
				SWIFT_VERSION = 2.3;
				TEST_HOST = "$(BUILT_PRODUCTS_DIR)/Przegladarka.app/Przegladarka";
			};
			name = Release;
		};
		ACF84DAD1DAF5F5C0045352B /* Debug */ = {
			isa = XCBuildConfiguration;
			buildSettings = {
				INFOPLIST_FILE = PrzegladarkaUITests/Info.plist;
				LD_RUNPATH_SEARCH_PATHS = "$(inherited) @executable_path/Frameworks @loader_path/Frameworks";
				PRODUCT_BUNDLE_IDENTIFIER = lab1.PrzegladarkaUITests;
				PRODUCT_NAME = "$(TARGET_NAME)";
				SWIFT_VERSION = 2.3;
				TEST_TARGET_NAME = Przegladarka;
				USES_XCTRUNNER = YES;
			};
			name = Debug;
		};
		ACF84DAE1DAF5F5C0045352B /* Release */ = {
			isa = XCBuildConfiguration;
			buildSettings = {
				INFOPLIST_FILE = PrzegladarkaUITests/Info.plist;
				LD_RUNPATH_SEARCH_PATHS = "$(inherited) @executable_path/Frameworks @loader_path/Frameworks";
				PRODUCT_BUNDLE_IDENTIFIER = lab1.PrzegladarkaUITests;
				PRODUCT_NAME = "$(TARGET_NAME)";
				SWIFT_VERSION = 2.3;
				TEST_TARGET_NAME = Przegladarka;
				USES_XCTRUNNER = YES;
			};
			name = Release;
		};
/* End XCBuildConfiguration section */

/* Begin XCConfigurationList section */
		ACF84D791DAF5F5C0045352B /* Build configuration list for PBXProject "Przegladarka" */ = {
			isa = XCConfigurationList;
			buildConfigurations = (
				ACF84DA41DAF5F5C0045352B /* Debug */,
				ACF84DA51DAF5F5C0045352B /* Release */,
			);
			defaultConfigurationIsVisible = 0;
			defaultConfigurationName = Release;
		};
		ACF84DA61DAF5F5C0045352B /* Build configuration list for PBXNativeTarget "Przegladarka" */ = {
			isa = XCConfigurationList;
			buildConfigurations = (
				ACF84DA71DAF5F5C0045352B /* Debug */,
				ACF84DA81DAF5F5C0045352B /* Release */,
			);
			defaultConfigurationIsVisible = 0;
			defaultConfigurationName = Release;
		};
		ACF84DA91DAF5F5C0045352B /* Build configuration list for PBXNativeTarget "PrzegladarkaTests" */ = {
			isa = XCConfigurationList;
			buildConfigurations = (
				ACF84DAA1DAF5F5C0045352B /* Debug */,
				ACF84DAB1DAF5F5C0045352B /* Release */,
			);
			defaultConfigurationIsVisible = 0;
			defaultConfigurationName = Release;
		};
		ACF84DAC1DAF5F5C0045352B /* Build configuration list for PBXNativeTarget "PrzegladarkaUITests" */ = {
			isa = XCConfigurationList;
			buildConfigurations = (
				ACF84DAD1DAF5F5C0045352B /* Debug */,
				ACF84DAE1DAF5F5C0045352B /* Release */,
			);
			defaultConfigurationIsVisible = 0;
			defaultConfigurationName = Release;
		};
/* End XCConfigurationList section */
	};
	rootObject = ACF84D761DAF5F5C0045352B /* Project object */;
}
